
Microsoft Visual Studio Solution File, Format Version 12.00
# Visual Studio Version 17
VisualStudioVersion = 17.6.33829.357
MinimumVisualStudioVersion = 10.0.40219.1
Project("{FAE04EC0-301F-11D3-BF4B-00C04F79EFBC}") = "VarahiQ1", "VarahiQ1\VarahiQ1.csproj", "{7816C505-C852-4809-93D9-264F08203B17}"
EndProject
Global
	GlobalSection(SolutionConfigurationPlatforms) = preSolution
		Debug|Any CPU = Debug|Any CPU
		Release|Any CPU = Release|Any CPU
	EndGlobalSection
	GlobalSection(ProjectConfigurationPlatforms) = postSolution
		{7816C505-C852-4809-93D9-264F08203B17}.Debug|Any CPU.ActiveCfg = Debug|Any CPU
		{7816C505-C852-4809-93D9-264F08203B17}.Debug|Any CPU.Build.0 = Debug|Any CPU
		{7816C505-C852-4809-93D9-264F08203B17}.Release|Any CPU.ActiveCfg = Release|Any CPU
		{7816C505-C852-4809-93D9-264F08203B17}.Release|Any CPU.Build.0 = Release|Any CPU
	EndGlobalSection
	GlobalSection(SolutionProperties) = preSolution
		HideSolutionNode = FALSE
	EndGlobalSection
	GlobalSection(ExtensibilityGlobals) = postSolution
		SolutionGuid = {A69F9695-7607-494E-8DB0-3B951BC6EF12}
	EndGlobalSection
EndGlobal
